
Microsoft Visual Studio Solution File, Format Version 12.00
# Visual Studio Version 16
VisualStudioVersion = 16.0.32002.261
MinimumVisualStudioVersion = 10.0.40219.1
Project("{FAE04EC0-301F-11D3-BF4B-00C04F79EFBC}") = "BookingSystem", "BookingSystem.csproj", "{E1DC82EE-D767-4E6C-869A-18AC09B435B6}"
EndProject
Global
	GlobalSection(SolutionConfigurationPlatforms) = preSolution
		Debug|Any CPU = Debug|Any CPU
		Release|Any CPU = Release|Any CPU
	EndGlobalSection
	GlobalSection(ProjectConfigurationPlatforms) = postSolution
		{E1DC82EE-D767-4E6C-869A-18AC09B435B6}.Debug|Any CPU.ActiveCfg = Debug|Any CPU
		{E1DC82EE-D767-4E6C-869A-18AC09B435B6}.Debug|Any CPU.Build.0 = Debug|Any CPU
		{E1DC82EE-D767-4E6C-869A-18AC09B435B6}.Release|Any CPU.ActiveCfg = Release|Any CPU
		{E1DC82EE-D767-4E6C-869A-18AC09B435B6}.Release|Any CPU.Build.0 = Release|Any CPU
	EndGlobalSection
	GlobalSection(SolutionProperties) = preSolution
		HideSolutionNode = FALSE
	EndGlobalSection
	GlobalSection(ExtensibilityGlobals) = postSolution
		SolutionGuid = {04CE96A8-9E50-4761-A156-1CD48829B0AA}
	EndGlobalSection
EndGlobal
